PODS:
  - GLDemoUIKit (0.0.4):
    - PKHUD (~> 5.3.0)
    - SnapKit (~> 5.0.1)
    - YYCategories (~> 1.0.4)
  - PKHUD (5.3.0)
  - SMHeaterSDK-iOS (0.0.9)
  - SnapKit (5.0.1)
  - YYCategories (1.0.4):
    - YYCategories/no-arc (= 1.0.4)
  - YYCategories/no-arc (1.0.4)

DEPENDENCIES:
  - GLDemoUIKit
  - SMHeaterSDK-iOS

SPEC REPOS:
  https://github.com/GrayLand119/GLSpecs.git:
    - GLDemoUIKit
    - SMHeaterSDK-iOS
  https://mirrors.tuna.tsinghua.edu.cn/git/CocoaPods/Specs.git:
    - PKHUD
    - SnapKit
    - YYCategories

SPEC CHECKSUMS:
  GLDemoUIKit: ee2ac881ced363e3ed21e5fa8b1745790dfec464
  PKHUD: 98f3e4bc904b9c916f1c5bb6d765365b5357291b
  SMHeaterSDK-iOS: 270d922f1322d7ac4548f98bd79dc3a7b5f13c38
  SnapKit: 97b92857e3df3a0c71833cce143274bf6ef8e5eb
  YYCategories: 6bcd4314c6661a561410dce4a793379ebd306abd

PODFILE CHECKSUM: 03f0c1efcbc9d88e5a58d961239494ecb179b642

COCOAPODS: 1.9.1
